{
  "pins" : [
    {
      "identity" : "combineext",
      "kind" : "remoteSourceControl",
      "location" : "https://github.com/CombineCommunity/CombineExt.git",
      "state" : {
        "revision" : "581849239060948b626d1173eb0e5926818e7f8c",
        "version" : "1.7.0"
      }
    },
    {
      "identity" : "kingfisher",
      "kind" : "remoteSourceControl",
      "location" : "https://github.com/onevcat/Kingfisher.git",
      "state" : {
        "revision" : "2235a22ca249199cb736237f4bb9cc12b6ed416a",
        "version" : "7.3.0"
      }
    },
    {
      "identity" : "macaw",
      "kind" : "remoteSourceControl",
      "location" : "https://github.com/exyte/Macaw.git",
      "state" : {
        "revision" : "29ec199cbc9c814f8ceffc1a33b8775b7349dcdd",
        "version" : "0.9.10"
      }
    },
    {
      "identity" : "swinject",
      "kind" : "remoteSourceControl",
      "location" : "https://github.com/Swinject/Swinject",
      "state" : {
        "revision" : "f10b6e9ebff440f985c43008f7c2d097639fcb81",
        "version" : "2.8.1"
      }
    },
    {
      "identity" : "swxmlhash",
      "kind" : "remoteSourceControl",
      "location" : "https://github.com/drmohundro/SWXMLHash",
      "state" : {
        "revision" : "6469881a3f30417c5bb02404ea4b69207f297592",
        "version" : "6.0.0"
      }
    }
  ],
  "version" : 2
}
